// !$*UTF8*$!
{
	archiveVersion = 1;
	classes = {
	};
	objectVersion = 50;
	objects = {

/* Begin PBXBuildFile section */
		450234C22601ED430015D85C /* SettingsViewController.swift in Sources */ = {isa = PBXBuildFile; fileRef = 450234C12601ED430015D85C /* SettingsViewController.swift */; };
		450234C52601EE4B0015D85C /* EditRemindersViewController.swift in Sources */ = {isa = PBXBuildFile; fileRef = 450234C42601EE4B0015D85C /* EditRemindersViewController.swift */; };
		4507F87E25F988C300951D61 /* CustomSegments.swift in Sources */ = {isa = PBXBuildFile; fileRef = 4507F87625F988C300951D61 /* CustomSegments.swift */; };
		4507F87F25F988C300951D61 /* CALayerExtension.swift in Sources */ = {isa = PBXBuildFile; fileRef = 4507F87725F988C300951D61 /* CALayerExtension.swift */; };
		4507F88025F988C300951D61 /* BasicBarChartPresenter.swift in Sources */ = {isa = PBXBuildFile; fileRef = 4507F87825F988C300951D61 /* BasicBarChartPresenter.swift */; };
		4507F88125F988C300951D61 /* UIBezierPathExtension.swift in Sources */ = {isa = PBXBuildFile; fileRef = 4507F87925F988C300951D61 /* UIBezierPathExtension.swift */; };
		4507F88225F988C300951D61 /* BasicBarChart.swift in Sources */ = {isa = PBXBuildFile; fileRef = 4507F87A25F988C300951D61 /* BasicBarChart.swift */; };
		4507F88325F988C300951D61 /* ArrayExtension.swift in Sources */ = {isa = PBXBuildFile; fileRef = 4507F87B25F988C300951D61 /* ArrayExtension.swift */; };
		4507F88425F988C300951D61 /* DataEntry.swift in Sources */ = {isa = PBXBuildFile; fileRef = 4507F87C25F988C300951D61 /* DataEntry.swift */; };
		4507F88525F988C300951D61 /* BasicBarEntry.swift in Sources */ = {isa = PBXBuildFile; fileRef = 4507F87D25F988C300951D61 /* BasicBarEntry.swift */; };
		4510807F26002B2A001536DD /* TimeCollectionViewCell.swift in Sources */ = {isa = PBXBuildFile; fileRef = 4510807E26002B2A001536DD /* TimeCollectionViewCell.swift */; };
		4510808226002B5D001536DD /* InfoButton.swift in Sources */ = {isa = PBXBuildFile; fileRef = 4510808126002B5D001536DD /* InfoButton.swift */; };
		451080852600373D001536DD /* Reminder.swift in Sources */ = {isa = PBXBuildFile; fileRef = 451080842600373D001536DD /* Reminder.swift */; };
		451CD75825E487880047C4F0 /* Task.swift in Sources */ = {isa = PBXBuildFile; fileRef = 451CD75725E487880047C4F0 /* Task.swift */; };
		451CD75B25E48B400047C4F0 /* AddTaskViewController.swift in Sources */ = {isa = PBXBuildFile; fileRef = 451CD75A25E48B400047C4F0 /* AddTaskViewController.swift */; };
		451CD75E25E48EA80047C4F0 /* ShapeCollectionViewCell.swift in Sources */ = {isa = PBXBuildFile; fileRef = 451CD75D25E48EA80047C4F0 /* ShapeCollectionViewCell.swift */; };
		451CD76125E495460047C4F0 /* ColorCollectionViewCell.swift in Sources */ = {isa = PBXBuildFile; fileRef = 451CD76025E495460047C4F0 /* ColorCollectionViewCell.swift */; };
		451CD76425E4956E0047C4F0 /* RColor.swift in Sources */ = {isa = PBXBuildFile; fileRef = 451CD76325E4956E0047C4F0 /* RColor.swift */; };
		456997DA25F95AD4006F35F4 /* InsightsViewController.swift in Sources */ = {isa = PBXBuildFile; fileRef = 456997D925F95AD4006F35F4 /* InsightsViewController.swift */; };
		456997DD25F96099006F35F4 /* Tip.swift in Sources */ = {isa = PBXBuildFile; fileRef = 456997DC25F96099006F35F4 /* Tip.swift */; };
		456997E025F97AEF006F35F4 /* SummaryViewController.swift in Sources */ = {isa = PBXBuildFile; fileRef = 456997DF25F97AEF006F35F4 /* SummaryViewController.swift */; };
		4584D3F725E376AA005B9705 /* AppDelegate.swift in Sources */ = {isa = PBXBuildFile; fileRef = 4584D3F625E376AA005B9705 /* AppDelegate.swift */; };
		4584D3F925E376AA005B9705 /* SceneDelegate.swift in Sources */ = {isa = PBXBuildFile; fileRef = 4584D3F825E376AA005B9705 /* SceneDelegate.swift */; };
		4584D3FE25E376AA005B9705 /* Main.storyboard in Resources */ = {isa = PBXBuildFile; fileRef = 4584D3FC25E376AA005B9705 /* Main.storyboard */; };
		4584D40025E376AB005B9705 /* Assets.xcassets in Resources */ = {isa = PBXBuildFile; fileRef = 4584D3FF25E376AB005B9705 /* Assets.xcassets */; };
		4584D40325E376AB005B9705 /* LaunchScreen.storyboard in Resources */ = {isa = PBXBuildFile; fileRef = 4584D40125E376AB005B9705 /* LaunchScreen.storyboard */; };
		4584D40E25E377B1005B9705 /* DoSomethingViewController.swift in Sources */ = {isa = PBXBuildFile; fileRef = 4584D40D25E377B1005B9705 /* DoSomethingViewController.swift */; };
		4584D41125E377F5005B9705 /* TaskView.swift in Sources */ = {isa = PBXBuildFile; fileRef = 4584D41025E377F5005B9705 /* TaskView.swift */; };
		4584D41725E37DD9005B9705 /* Shape.swift in Sources */ = {isa = PBXBuildFile; fileRef = 4584D41625E37DD9005B9705 /* Shape.swift */; };
		4584D41A25E3806E005B9705 /* TaskBehavior.swift in Sources */ = {isa = PBXBuildFile; fileRef = 4584D41925E3806E005B9705 /* TaskBehavior.swift */; };
		4586319825EC9155003AA89C /* MoodCollectionViewCell.swift in Sources */ = {isa = PBXBuildFile; fileRef = 4586319725EC9155003AA89C /* MoodCollectionViewCell.swift */; };
		4586319B25EC9191003AA89C /* Mood.swift in Sources */ = {isa = PBXBuildFile; fileRef = 4586319A25EC9191003AA89C /* Mood.swift */; };
		4586319E25EC9214003AA89C /* ReflectViewController.swift in Sources */ = {isa = PBXBuildFile; fileRef = 4586319D25EC9214003AA89C /* ReflectViewController.swift */; };
		458631A125ECD8F2003AA89C /* DynamicHeightCollectionView.swift in Sources */ = {isa = PBXBuildFile; fileRef = 458631A025ECD8F2003AA89C /* DynamicHeightCollectionView.swift */; };
		458631A425ECD971003AA89C /* FeelingCollectionViewCell.swift in Sources */ = {isa = PBXBuildFile; fileRef = 458631A325ECD971003AA89C /* FeelingCollectionViewCell.swift */; };
		458FFBDC25ED816200819DAB /* Journal.swift in Sources */ = {isa = PBXBuildFile; fileRef = 458FFBDB25ED816200819DAB /* Journal.swift */; };
		458FFBDF25ED8F3E00819DAB /* CompleteTaskViewController.swift in Sources */ = {isa = PBXBuildFile; fileRef = 458FFBDE25ED8F3E00819DAB /* CompleteTaskViewController.swift */; };
		458FFBE225EDAB6100819DAB /* CompletedViewController.swift in Sources */ = {isa = PBXBuildFile; fileRef = 458FFBE125EDAB6100819DAB /* CompletedViewController.swift */; };
		458FFBE525EDB70700819DAB /* Extensions.swift in Sources */ = {isa = PBXBuildFile; fileRef = 458FFBE425EDB70700819DAB /* Extensions.swift */; };
		458FFBE825EDBA8900819DAB /* EntriesViewController.swift in Sources */ = {isa = PBXBuildFile; fileRef = 458FFBE725EDBA8900819DAB /* EntriesViewController.swift */; };
		45A4F17F25EDC44400B9C2EE /* JournalCollectionViewCell.swift in Sources */ = {isa = PBXBuildFile; fileRef = 45A4F17E25EDC44400B9C2EE /* JournalCollectionViewCell.swift */; };
		45A4F18225EDCF2600B9C2EE /* JournalEntryViewController.swift in Sources */ = {isa = PBXBuildFile; fileRef = 45A4F18125EDCF2600B9C2EE /* JournalEntryViewController.swift */; };
		45A4F18525EDCFCA00B9C2EE /* SwipeNavigationController.swift in Sources */ = {isa = PBXBuildFile; fileRef = 45A4F18425EDCFCA00B9C2EE /* SwipeNavigationController.swift */; };
		45AD168425FDF8820022C62F /* OnboardingViewController.swift in Sources */ = {isa = PBXBuildFile; fileRef = 45AD168325FDF8820022C62F /* OnboardingViewController.swift */; };
		45AD168725FE07940022C62F /* OnboardingReasonViewController.swift in Sources */ = {isa = PBXBuildFile; fileRef = 45AD168625FE07940022C62F /* OnboardingReasonViewController.swift */; };
		45AD168A25FE0AD80022C62F /* OnboardingActivityViewController.swift in Sources */ = {isa = PBXBuildFile; fileRef = 45AD168925FE0AD80022C62F /* OnboardingActivityViewController.swift */; };
		45AD168D25FE10110022C62F /* OnboardingRemindersViewController.swift in Sources */ = {isa = PBXBuildFile; fileRef = 45AD168C25FE10110022C62F /* OnboardingRemindersViewController.swift */; };
		45AD169025FE10B70022C62F /* OnboardingEndViewController.swift in Sources */ = {isa = PBXBuildFile; fileRef = 45AD168F25FE10B70022C62F /* OnboardingEndViewController.swift */; };
/* End PBXBuildFile section */

/* Begin PBXFileReference section */
		450234C12601ED430015D85C /* SettingsViewController.swift */ = {isa = PBXFileReference; lastKnownFileType = sourcecode.swift; path = SettingsViewController.swift; sourceTree = "<group>"; };
		450234C42601EE4B0015D85C /* EditRemindersViewController.swift */ = {isa = PBXFileReference; lastKnownFileType = sourcecode.swift; path = EditRemindersViewController.swift; sourceTree = "<group>"; };
		4507F87625F988C300951D61 /* CustomSegments.swift */ = {isa = PBXFileReference; fileEncoding = 4; lastKnownFileType = sourcecode.swift; path = CustomSegments.swift; sourceTree = "<group>"; };
		4507F87725F988C300951D61 /* CALayerExtension.swift */ = {isa = PBXFileReference; fileEncoding = 4; lastKnownFileType = sourcecode.swift; path = CALayerExtension.swift; sourceTree = "<group>"; };
		4507F87825F988C300951D61 /* BasicBarChartPresenter.swift */ = {isa = PBXFileReference; fileEncoding = 4; lastKnownFileType = sourcecode.swift; path = BasicBarChartPresenter.swift; sourceTree = "<group>"; };
		4507F87925F988C300951D61 /* UIBezierPathExtension.swift */ = {isa = PBXFileReference; fileEncoding = 4; lastKnownFileType = sourcecode.swift; path = UIBezierPathExtension.swift; sourceTree = "<group>"; };
		4507F87A25F988C300951D61 /* BasicBarChart.swift */ = {isa = PBXFileReference; fileEncoding = 4; lastKnownFileType = sourcecode.swift; path = BasicBarChart.swift; sourceTree = "<group>"; };
		4507F87B25F988C300951D61 /* ArrayExtension.swift */ = {isa = PBXFileReference; fileEncoding = 4; lastKnownFileType = sourcecode.swift; path = ArrayExtension.swift; sourceTree = "<group>"; };
		4507F87C25F988C300951D61 /* DataEntry.swift */ = {isa = PBXFileReference; fileEncoding = 4; lastKnownFileType = sourcecode.swift; path = DataEntry.swift; sourceTree = "<group>"; };
		4507F87D25F988C300951D61 /* BasicBarEntry.swift */ = {isa = PBXFileReference; fileEncoding = 4; lastKnownFileType = sourcecode.swift; path = BasicBarEntry.swift; sourceTree = "<group>"; };
		4510807E26002B2A001536DD /* TimeCollectionViewCell.swift */ = {isa = PBXFileReference; lastKnownFileType = sourcecode.swift; path = TimeCollectionViewCell.swift; sourceTree = "<group>"; };
		4510808126002B5D001536DD /* InfoButton.swift */ = {isa = PBXFileReference; lastKnownFileType = sourcecode.swift; path = InfoButton.swift; sourceTree = "<group>"; };
		451080842600373D001536DD /* Reminder.swift */ = {isa = PBXFileReference; lastKnownFileType = sourcecode.swift; path = Reminder.swift; sourceTree = SOURCE_ROOT; };
		451CD75725E487880047C4F0 /* Task.swift */ = {isa = PBXFileReference; fileEncoding = 4; lastKnownFileType = sourcecode.swift; path = Task.swift; sourceTree = "<group>"; };
		451CD75A25E48B400047C4F0 /* AddTaskViewController.swift */ = {isa = PBXFileReference; lastKnownFileType = sourcecode.swift; path = AddTaskViewController.swift; sourceTree = "<group>"; };
		451CD75D25E48EA80047C4F0 /* ShapeCollectionViewCell.swift */ = {isa = PBXFileReference; lastKnownFileType = sourcecode.swift; path = ShapeCollectionViewCell.swift; sourceTree = "<group>"; };
		451CD76025E495460047C4F0 /* ColorCollectionViewCell.swift */ = {isa = PBXFileReference; lastKnownFileType = sourcecode.swift; path = ColorCollectionViewCell.swift; sourceTree = "<group>"; };
		451CD76325E4956E0047C4F0 /* RColor.swift */ = {isa = PBXFileReference; lastKnownFileType = sourcecode.swift; path = RColor.swift; sourceTree = "<group>"; };
		456997D925F95AD4006F35F4 /* InsightsViewController.swift */ = {isa = PBXFileReference; lastKnownFileType = sourcecode.swift; path = InsightsViewController.swift; sourceTree = "<group>"; };
		456997DC25F96099006F35F4 /* Tip.swift */ = {isa = PBXFileReference; lastKnownFileType = sourcecode.swift; path = Tip.swift; sourceTree = "<group>"; };
		456997DF25F97AEF006F35F4 /* SummaryViewController.swift */ = {isa = PBXFileReference; lastKnownFileType = sourcecode.swift; path = SummaryViewController.swift; sourceTree = "<group>"; };
		4584D3F325E376AA005B9705 /* Refresh.app */ = {isa = PBXFileReference; explicitFileType = wrapper.application; includeInIndex = 0; path = Refresh.app; sourceTree = BUILT_PRODUCTS_DIR; };
		4584D3F625E376AA005B9705 /* AppDelegate.swift */ = {isa = PBXFileReference; lastKnownFileType = sourcecode.swift; path = AppDelegate.swift; sourceTree = "<group>"; };
		4584D3F825E376AA005B9705 /* SceneDelegate.swift */ = {isa = PBXFileReference; lastKnownFileType = sourcecode.swift; path = SceneDelegate.swift; sourceTree = "<group>"; };
		4584D3FD25E376AA005B9705 /* Base */ = {isa = PBXFileReference; lastKnownFileType = file.storyboard; name = Base; path = Base.lproj/Main.storyboard; sourceTree = "<group>"; };
		4584D3FF25E376AB005B9705 /* Assets.xcassets */ = {isa = PBXFileReference; lastKnownFileType = folder.assetcatalog; path = Assets.xcassets; sourceTree = "<group>"; };
		4584D40225E376AB005B9705 /* Base */ = {isa = PBXFileReference; lastKnownFileType = file.storyboard; name = Base; path = Base.lproj/LaunchScreen.storyboard; sourceTree = "<group>"; };
		4584D40425E376AB005B9705 /* Info.plist */ = {isa = PBXFileReference; lastKnownFileType = text.plist.xml; path = Info.plist; sourceTree = "<group>"; };
		4584D40D25E377B1005B9705 /* DoSomethingViewController.swift */ = {isa = PBXFileReference; lastKnownFileType = sourcecode.swift; path = DoSomethingViewController.swift; sourceTree = "<group>"; };
		4584D41025E377F5005B9705 /* TaskView.swift */ = {isa = PBXFileReference; lastKnownFileType = sourcecode.swift; path = TaskView.swift; sourceTree = "<group>"; };
		4584D41625E37DD9005B9705 /* Shape.swift */ = {isa = PBXFileReference; lastKnownFileType = sourcecode.swift; path = Shape.swift; sourceTree = "<group>"; };
		4584D41925E3806E005B9705 /* TaskBehavior.swift */ = {isa = PBXFileReference; lastKnownFileType = sourcecode.swift; path = TaskBehavior.swift; sourceTree = "<group>"; };
		4586319725EC9155003AA89C /* MoodCollectionViewCell.swift */ = {isa = PBXFileReference; lastKnownFileType = sourcecode.swift; path = MoodCollectionViewCell.swift; sourceTree = "<group>"; };
		4586319A25EC9191003AA89C /* Mood.swift */ = {isa = PBXFileReference; lastKnownFileType = sourcecode.swift; path = Mood.swift; sourceTree = "<group>"; };
		4586319D25EC9214003AA89C /* ReflectViewController.swift */ = {isa = PBXFileReference; lastKnownFileType = sourcecode.swift; path = ReflectViewController.swift; sourceTree = "<group>"; };
		458631A025ECD8F2003AA89C /* DynamicHeightCollectionView.swift */ = {isa = PBXFileReference; fileEncoding = 4; lastKnownFileType = sourcecode.swift; path = DynamicHeightCollectionView.swift; sourceTree = "<group>"; };
		458631A325ECD971003AA89C /* FeelingCollectionViewCell.swift */ = {isa = PBXFileReference; lastKnownFileType = sourcecode.swift; path = FeelingCollectionViewCell.swift; sourceTree = "<group>"; };
		458FFBDB25ED816200819DAB /* Journal.swift */ = {isa = PBXFileReference; lastKnownFileType = sourcecode.swift; path = Journal.swift; sourceTree = SOURCE_ROOT; };
		458FFBDE25ED8F3E00819DAB /* CompleteTaskViewController.swift */ = {isa = PBXFileReference; lastKnownFileType = sourcecode.swift; path = CompleteTaskViewController.swift; sourceTree = "<group>"; };
		458FFBE125EDAB6100819DAB /* CompletedViewController.swift */ = {isa = PBXFileReference; lastKnownFileType = sourcecode.swift; path = CompletedViewController.swift; sourceTree = "<group>"; };
		458FFBE425EDB70700819DAB /* Extensions.swift */ = {isa = PBXFileReference; lastKnownFileType = sourcecode.swift; path = Extensions.swift; sourceTree = SOURCE_ROOT; };
		458FFBE725EDBA8900819DAB /* EntriesViewController.swift */ = {isa = PBXFileReference; lastKnownFileType = sourcecode.swift; path = EntriesViewController.swift; sourceTree = "<group>"; };
		45A4F17E25EDC44400B9C2EE /* JournalCollectionViewCell.swift */ = {isa = PBXFileReference; lastKnownFileType = sourcecode.swift; path = JournalCollectionViewCell.swift; sourceTree = "<group>"; };
		45A4F18125EDCF2600B9C2EE /* JournalEntryViewController.swift */ = {isa = PBXFileReference; lastKnownFileType = sourcecode.swift; path = JournalEntryViewController.swift; sourceTree = "<group>"; };
		45A4F18425EDCFCA00B9C2EE /* SwipeNavigationController.swift */ = {isa = PBXFileReference; fileEncoding = 4; lastKnownFileType = sourcecode.swift; path = SwipeNavigationController.swift; sourceTree = "<group>"; };
		45AD168325FDF8820022C62F /* OnboardingViewController.swift */ = {isa = PBXFileReference; lastKnownFileType = sourcecode.swift; path = OnboardingViewController.swift; sourceTree = "<group>"; };
		45AD168625FE07940022C62F /* OnboardingReasonViewController.swift */ = {isa = PBXFileReference; lastKnownFileType = sourcecode.swift; path = OnboardingReasonViewController.swift; sourceTree = "<group>"; };
		45AD168925FE0AD80022C62F /* OnboardingActivityViewController.swift */ = {isa = PBXFileReference; lastKnownFileType = sourcecode.swift; path = OnboardingActivityViewController.swift; sourceTree = "<group>"; };
		45AD168C25FE10110022C62F /* OnboardingRemindersViewController.swift */ = {isa = PBXFileReference; lastKnownFileType = sourcecode.swift; path = OnboardingRemindersViewController.swift; sourceTree = "<group>"; };
		45AD168F25FE10B70022C62F /* OnboardingEndViewController.swift */ = {isa = PBXFileReference; lastKnownFileType = sourcecode.swift; path = OnboardingEndViewController.swift; sourceTree = "<group>"; };
/* End PBXFileReference section */

/* Begin PBXFrameworksBuildPhase section */
		4584D3F025E376AA005B9705 /* Frameworks */ = {
			isa = PBXFrameworksBuildPhase;
			buildActionMask = 2147483647;
			files = (
			);
			runOnlyForDeploymentPostprocessing = 0;
		};
/* End PBXFrameworksBuildPhase section */

/* Begin PBXGroup section */
		4507F87525F988C300951D61 /* BarChart */ = {
			isa = PBXGroup;
			children = (
				4507F87625F988C300951D61 /* CustomSegments.swift */,
				4507F87725F988C300951D61 /* CALayerExtension.swift */,
				4507F87825F988C300951D61 /* BasicBarChartPresenter.swift */,
				4507F87925F988C300951D61 /* UIBezierPathExtension.swift */,
				4507F87A25F988C300951D61 /* BasicBarChart.swift */,
				4507F87B25F988C300951D61 /* ArrayExtension.swift */,
				4507F87C25F988C300951D61 /* DataEntry.swift */,
				4507F87D25F988C300951D61 /* BasicBarEntry.swift */,
			);
			path = BarChart;
			sourceTree = "<group>";
		};
		4584D3EA25E376AA005B9705 = {
			isa = PBXGroup;
			children = (
				4584D3F525E376AA005B9705 /* Refresh */,
				4584D3F425E376AA005B9705 /* Products */,
			);
			sourceTree = "<group>";
		};
		4584D3F425E376AA005B9705 /* Products */ = {
			isa = PBXGroup;
			children = (
				4584D3F325E376AA005B9705 /* Refresh.app */,
			);
			name = Products;
			sourceTree = "<group>";
		};
		4584D3F525E376AA005B9705 /* Refresh */ = {
			isa = PBXGroup;
			children = (
				451080842600373D001536DD /* Reminder.swift */,
				4510807E26002B2A001536DD /* TimeCollectionViewCell.swift */,
				4510808126002B5D001536DD /* InfoButton.swift */,
				45AD168325FDF8820022C62F /* OnboardingViewController.swift */,
				45AD168625FE07940022C62F /* OnboardingReasonViewController.swift */,
				45AD168925FE0AD80022C62F /* OnboardingActivityViewController.swift */,
				45AD168C25FE10110022C62F /* OnboardingRemindersViewController.swift */,
				45AD168F25FE10B70022C62F /* OnboardingEndViewController.swift */,
				456997D925F95AD4006F35F4 /* InsightsViewController.swift */,
				450234C12601ED430015D85C /* SettingsViewController.swift */,
				450234C42601EE4B0015D85C /* EditRemindersViewController.swift */,
				456997DF25F97AEF006F35F4 /* SummaryViewController.swift */,
				456997DC25F96099006F35F4 /* Tip.swift */,
				45A4F18125EDCF2600B9C2EE /* JournalEntryViewController.swift */,
				458FFBE425EDB70700819DAB /* Extensions.swift */,
				458FFBE125EDAB6100819DAB /* CompletedViewController.swift */,
				458FFBDE25ED8F3E00819DAB /* CompleteTaskViewController.swift */,
				458FFBDB25ED816200819DAB /* Journal.swift */,
				451CD75725E487880047C4F0 /* Task.swift */,
				4584D41625E37DD9005B9705 /* Shape.swift */,
				4586319A25EC9191003AA89C /* Mood.swift */,
				4584D3F625E376AA005B9705 /* AppDelegate.swift */,
				4584D3F825E376AA005B9705 /* SceneDelegate.swift */,
				4584D3FC25E376AA005B9705 /* Main.storyboard */,
				4584D3FF25E376AB005B9705 /* Assets.xcassets */,
				4584D40D25E377B1005B9705 /* DoSomethingViewController.swift */,
				458FFBE725EDBA8900819DAB /* EntriesViewController.swift */,
				4507F87525F988C300951D61 /* BarChart */,
				4586319725EC9155003AA89C /* MoodCollectionViewCell.swift */,
				4586319D25EC9214003AA89C /* ReflectViewController.swift */,
				45A4F17E25EDC44400B9C2EE /* JournalCollectionViewCell.swift */,
				458631A325ECD971003AA89C /* FeelingCollectionViewCell.swift */,
				451CD75A25E48B400047C4F0 /* AddTaskViewController.swift */,
				451CD76025E495460047C4F0 /* ColorCollectionViewCell.swift */,
				458631A025ECD8F2003AA89C /* DynamicHeightCollectionView.swift */,
				45A4F18425EDCFCA00B9C2EE /* SwipeNavigationController.swift */,
				451CD76325E4956E0047C4F0 /* RColor.swift */,
				451CD75D25E48EA80047C4F0 /* ShapeCollectionViewCell.swift */,
				4584D41925E3806E005B9705 /* TaskBehavior.swift */,
				4584D41025E377F5005B9705 /* TaskView.swift */,
				4584D40125E376AB005B9705 /* LaunchScreen.storyboard */,
				4584D40425E376AB005B9705 /* Info.plist */,
			);
			path = Refresh;
			sourceTree = "<group>";
		};
/* End PBXGroup section */

/* Begin PBXNativeTarget section */
		4584D3F225E376AA005B9705 /* Refresh */ = {
			isa = PBXNativeTarget;
			buildConfigurationList = 4584D40725E376AB005B9705 /* Build configuration list for PBXNativeTarget "Refresh" */;
			buildPhases = (
				4584D3EF25E376AA005B9705 /* Sources */,
				4584D3F025E376AA005B9705 /* Frameworks */,
				4584D3F125E376AA005B9705 /* Resources */,
			);
			buildRules = (
			);
			dependencies = (
			);
			name = Refresh;
			productName = Refresh;
			productReference = 4584D3F325E376AA005B9705 /* Refresh.app */;
			productType = "com.apple.product-type.application";
		};
/* End PBXNativeTarget section */

/* Begin PBXProject section */
		4584D3EB25E376AA005B9705 /* Project object */ = {
			isa = PBXProject;
			attributes = {
				LastSwiftUpdateCheck = 1240;
				LastUpgradeCheck = 1240;
				TargetAttributes = {
					4584D3F225E376AA005B9705 = {
						CreatedOnToolsVersion = 12.4;
					};
				};
			};
			buildConfigurationList = 4584D3EE25E376AA005B9705 /* Build configuration list for PBXProject "Refresh" */;
			compatibilityVersion = "Xcode 9.3";
			developmentRegion = en;
			hasScannedForEncodings = 0;
			knownRegions = (
				en,
				Base,
			);
			mainGroup = 4584D3EA25E376AA005B9705;
			productRefGroup = 4584D3F425E376AA005B9705 /* Products */;
			projectDirPath = "";
			projectRoot = "";
			targets = (
				4584D3F225E376AA005B9705 /* Refresh */,
			);
		};
/* End PBXProject section */

/* Begin PBXResourcesBuildPhase section */
		4584D3F125E376AA005B9705 /* Resources */ = {
			isa = PBXResourcesBuildPhase;
			buildActionMask = 2147483647;
			files = (
				4584D40325E376AB005B9705 /* LaunchScreen.storyboard in Resources */,
				4584D40025E376AB005B9705 /* Assets.xcassets in Resources */,
				4584D3FE25E376AA005B9705 /* Main.storyboard in Resources */,
			);
			runOnlyForDeploymentPostprocessing = 0;
		};
/* End PBXResourcesBuildPhase section */

/* Begin PBXSourcesBuildPhase section */
		4584D3EF25E376AA005B9705 /* Sources */ = {
			isa = PBXSourcesBuildPhase;
			buildActionMask = 2147483647;
			files = (
				45AD168725FE07940022C62F /* OnboardingReasonViewController.swift in Sources */,
				45A4F17F25EDC44400B9C2EE /* JournalCollectionViewCell.swift in Sources */,
				451CD76125E495460047C4F0 /* ColorCollectionViewCell.swift in Sources */,
				4586319825EC9155003AA89C /* MoodCollectionViewCell.swift in Sources */,
				458FFBDF25ED8F3E00819DAB /* CompleteTaskViewController.swift in Sources */,
				4507F87F25F988C300951D61 /* CALayerExtension.swift in Sources */,
				45AD168D25FE10110022C62F /* OnboardingRemindersViewController.swift in Sources */,
				45AD169025FE10B70022C62F /* OnboardingEndViewController.swift in Sources */,
				458631A125ECD8F2003AA89C /* DynamicHeightCollectionView.swift in Sources */,
				4586319E25EC9214003AA89C /* ReflectViewController.swift in Sources */,
				451080852600373D001536DD /* Reminder.swift in Sources */,
				45AD168425FDF8820022C62F /* OnboardingViewController.swift in Sources */,
				45A4F18525EDCFCA00B9C2EE /* SwipeNavigationController.swift in Sources */,
				4507F88025F988C300951D61 /* BasicBarChartPresenter.swift in Sources */,
				458FFBE825EDBA8900819DAB /* EntriesViewController.swift in Sources */,
				4507F88525F988C300951D61 /* BasicBarEntry.swift in Sources */,
				451CD76425E4956E0047C4F0 /* RColor.swift in Sources */,
				4584D3F725E376AA005B9705 /* AppDelegate.swift in Sources */,
				451CD75B25E48B400047C4F0 /* AddTaskViewController.swift in Sources */,
				4586319B25EC9191003AA89C /* Mood.swift in Sources */,
				4584D41A25E3806E005B9705 /* TaskBehavior.swift in Sources */,
				458FFBDC25ED816200819DAB /* Journal.swift in Sources */,
				4584D41725E37DD9005B9705 /* Shape.swift in Sources */,
				4584D3F925E376AA005B9705 /* SceneDelegate.swift in Sources */,
				4507F87E25F988C300951D61 /* CustomSegments.swift in Sources */,
				45A4F18225EDCF2600B9C2EE /* JournalEntryViewController.swift in Sources */,
				456997DA25F95AD4006F35F4 /* InsightsViewController.swift in Sources */,
				4507F88325F988C300951D61 /* ArrayExtension.swift in Sources */,
				450234C52601EE4B0015D85C /* EditRemindersViewController.swift in Sources */,
				4507F88125F988C300951D61 /* UIBezierPathExtension.swift in Sources */,
				458631A425ECD971003AA89C /* FeelingCollectionViewCell.swift in Sources */,
				4510807F26002B2A001536DD /* TimeCollectionViewCell.swift in Sources */,
				4507F88225F988C300951D61 /* BasicBarChart.swift in Sources */,
				4584D40E25E377B1005B9705 /* DoSomethingViewController.swift in Sources */,
				4507F88425F988C300951D61 /* DataEntry.swift in Sources */,
				45AD168A25FE0AD80022C62F /* OnboardingActivityViewController.swift in Sources */,
				450234C22601ED430015D85C /* SettingsViewController.swift in Sources */,
				458FFBE525EDB70700819DAB /* Extensions.swift in Sources */,
				4510808226002B5D001536DD /* InfoButton.swift in Sources */,
				451CD75825E487880047C4F0 /* Task.swift in Sources */,
				451CD75E25E48EA80047C4F0 /* ShapeCollectionViewCell.swift in Sources */,
				456997DD25F96099006F35F4 /* Tip.swift in Sources */,
				4584D41125E377F5005B9705 /* TaskView.swift in Sources */,
				458FFBE225EDAB6100819DAB /* CompletedViewController.swift in Sources */,
				456997E025F97AEF006F35F4 /* SummaryViewController.swift in Sources */,
			);
			runOnlyForDeploymentPostprocessing = 0;
		};
/* End PBXSourcesBuildPhase section */

/* Begin PBXVariantGroup section */
		4584D3FC25E376AA005B9705 /* Main.storyboard */ = {
			isa = PBXVariantGroup;
			children = (
				4584D3FD25E376AA005B9705 /* Base */,
			);
			name = Main.storyboard;
			sourceTree = "<group>";
		};
		4584D40125E376AB005B9705 /* LaunchScreen.storyboard */ = {
			isa = PBXVariantGroup;
			children = (
				4584D40225E376AB005B9705 /* Base */,
			);
			name = LaunchScreen.storyboard;
			sourceTree = "<group>";
		};
/* End PBXVariantGroup section */

/* Begin XCBuildConfiguration section */
		4584D40525E376AB005B9705 /* Debug */ = {
			isa = XCBuildConfiguration;
			buildSettings = {
				ALWAYS_SEARCH_USER_PATHS = NO;
				CLANG_ANALYZER_NONNULL = YES;
				CLANG_ANALYZER_NUMBER_OBJECT_CONVERSION = YES_AGGRESSIVE;
				CLANG_CXX_LANGUAGE_STANDARD = "gnu++14";
				CLANG_CXX_LIBRARY = "libc++";
				CLANG_ENABLE_MODULES = YES;
				CLANG_ENABLE_OBJC_ARC = YES;
				CLANG_ENABLE_OBJC_WEAK = YES;
				CLANG_WARN_BLOCK_CAPTURE_AUTORELEASING = YES;
				CLANG_WARN_BOOL_CONVERSION = YES;
				CLANG_WARN_COMMA = YES;
				CLANG_WARN_CONSTANT_CONVERSION = YES;
				CLANG_WARN_DEPRECATED_OBJC_IMPLEMENTATIONS = YES;
				CLANG_WARN_DIRECT_OBJC_ISA_USAGE = YES_ERROR;
				CLANG_WARN_DOCUMENTATION_COMMENTS = YES;
				CLANG_WARN_EMPTY_BODY = YES;
				CLANG_WARN_ENUM_CONVERSION = YES;
				CLANG_WARN_INFINITE_RECURSION = YES;
				CLANG_WARN_INT_CONVERSION = YES;
				CLANG_WARN_NON_LITERAL_NULL_CONVERSION = YES;
				CLANG_WARN_OBJC_IMPLICIT_RETAIN_SELF = YES;
				CLANG_WARN_OBJC_LITERAL_CONVERSION = YES;
				CLANG_WARN_OBJC_ROOT_CLASS = YES_ERROR;
				CLANG_WARN_QUOTED_INCLUDE_IN_FRAMEWORK_HEADER = YES;
				CLANG_WARN_RANGE_LOOP_ANALYSIS = YES;
				CLANG_WARN_STRICT_PROTOTYPES = YES;
				CLANG_WARN_SUSPICIOUS_MOVE = YES;
				CLANG_WARN_UNGUARDED_AVAILABILITY = YES_AGGRESSIVE;
				CLANG_WARN_UNREACHABLE_CODE = YES;
				CLANG_WARN__DUPLICATE_METHOD_MATCH = YES;
				COPY_PHASE_STRIP = NO;
				DEBUG_INFORMATION_FORMAT = dwarf;
				ENABLE_STRICT_OBJC_MSGSEND = YES;
				ENABLE_TESTABILITY = YES;
				GCC_C_LANGUAGE_STANDARD = gnu11;
				GCC_DYNAMIC_NO_PIC = NO;
				GCC_NO_COMMON_BLOCKS = YES;
				GCC_OPTIMIZATION_LEVEL = 0;
				GCC_PREPROCESSOR_DEFINITIONS = (
					"DEBUG=1",
					"$(inherited)",
				);
				GCC_WARN_64_TO_32_BIT_CONVERSION = YES;
				GCC_WARN_ABOUT_RETURN_TYPE = YES_ERROR;
				GCC_WARN_UNDECLARED_SELECTOR = YES;
				GCC_WARN_UNINITIALIZED_AUTOS = YES_AGGRESSIVE;
				GCC_WARN_UNUSED_FUNCTION = YES;
				GCC_WARN_UNUSED_VARIABLE = YES;
				IPHONEOS_DEPLOYMENT_TARGET = 14.4;
				MTL_ENABLE_DEBUG_INFO = INCLUDE_SOURCE;
				MTL_FAST_MATH = YES;
				ONLY_ACTIVE_ARCH = YES;
				SDKROOT = iphoneos;
				SWIFT_ACTIVE_COMPILATION_CONDITIONS = DEBUG;
				SWIFT_OPTIMIZATION_LEVEL = "-Onone";
			};
			name = Debug;
		};
		4584D40625E376AB005B9705 /* Release */ = {
			isa = XCBuildConfiguration;
			buildSettings = {
				ALWAYS_SEARCH_USER_PATHS = NO;
				CLANG_ANALYZER_NONNULL = YES;
				CLANG_ANALYZER_NUMBER_OBJECT_CONVERSION = YES_AGGRESSIVE;
				CLANG_CXX_LANGUAGE_STANDARD = "gnu++14";
				CLANG_CXX_LIBRARY = "libc++";
				CLANG_ENABLE_MODULES = YES;
				CLANG_ENABLE_OBJC_ARC = YES;
				CLANG_ENABLE_OBJC_WEAK = YES;
				CLANG_WARN_BLOCK_CAPTURE_AUTORELEASING = YES;
				CLANG_WARN_BOOL_CONVERSION = YES;
				CLANG_WARN_COMMA = YES;
				CLANG_WARN_CONSTANT_CONVERSION = YES;
				CLANG_WARN_DEPRECATED_OBJC_IMPLEMENTATIONS = YES;
				CLANG_WARN_DIRECT_OBJC_ISA_USAGE = YES_ERROR;
				CLANG_WARN_DOCUMENTATION_COMMENTS = YES;
				CLANG_WARN_EMPTY_BODY = YES;
				CLANG_WARN_ENUM_CONVERSION = YES;
				CLANG_WARN_INFINITE_RECURSION = YES;
				CLANG_WARN_INT_CONVERSION = YES;
				CLANG_WARN_NON_LITERAL_NULL_CONVERSION = YES;
				CLANG_WARN_OBJC_IMPLICIT_RETAIN_SELF = YES;
				CLANG_WARN_OBJC_LITERAL_CONVERSION = YES;
				CLANG_WARN_OBJC_ROOT_CLASS = YES_ERROR;
				CLANG_WARN_QUOTED_INCLUDE_IN_FRAMEWORK_HEADER = YES;
				CLANG_WARN_RANGE_LOOP_ANALYSIS = YES;
				CLANG_WARN_STRICT_PROTOTYPES = YES;
				CLANG_WARN_SUSPICIOUS_MOVE = YES;
				CLANG_WARN_UNGUARDED_AVAILABILITY = YES_AGGRESSIVE;
				CLANG_WARN_UNREACHABLE_CODE = YES;
				CLANG_WARN__DUPLICATE_METHOD_MATCH = YES;
				COPY_PHASE_STRIP = NO;
				DEBUG_INFORMATION_FORMAT = "dwarf-with-dsym";
				ENABLE_NS_ASSERTIONS = NO;
				ENABLE_STRICT_OBJC_MSGSEND = YES;
				GCC_C_LANGUAGE_STANDARD = gnu11;
				GCC_NO_COMMON_BLOCKS = YES;
				GCC_WARN_64_TO_32_BIT_CONVERSION = YES;
				GCC_WARN_ABOUT_RETURN_TYPE = YES_ERROR;
				GCC_WARN_UNDECLARED_SELECTOR = YES;
				GCC_WARN_UNINITIALIZED_AUTOS = YES_AGGRESSIVE;
				GCC_WARN_UNUSED_FUNCTION = YES;
				GCC_WARN_UNUSED_VARIABLE = YES;
				IPHONEOS_DEPLOYMENT_TARGET = 14.4;
				MTL_ENABLE_DEBUG_INFO = NO;
				MTL_FAST_MATH = YES;
				SDKROOT = iphoneos;
				SWIFT_COMPILATION_MODE = wholemodule;
				SWIFT_OPTIMIZATION_LEVEL = "-O";
				VALIDATE_PRODUCT = YES;
			};
			name = Release;
		};
		4584D40825E376AB005B9705 /* Debug */ = {
			isa = XCBuildConfiguration;
			buildSettings = {
				ASSETCATALOG_COMPILER_APPICON_NAME = AppIcon;
				ASSETCATALOG_COMPILER_GLOBAL_ACCENT_COLOR_NAME = AccentColor;
				CODE_SIGN_STYLE = Automatic;
				DEVELOPMENT_TEAM = W2RQLB886Y;
				INFOPLIST_FILE = Refresh/Info.plist;
				IPHONEOS_DEPLOYMENT_TARGET = 13.0;
				LD_RUNPATH_SEARCH_PATHS = (
					"$(inherited)",
					"@executable_path/Frameworks",
				);
				PRODUCT_BUNDLE_IDENTIFIER = app.kmoney.Refresh;
				PRODUCT_NAME = "$(TARGET_NAME)";
				SWIFT_VERSION = 5.0;
				TARGETED_DEVICE_FAMILY = 1;
			};
			name = Debug;
		};
		4584D40925E376AB005B9705 /* Release */ = {
			isa = XCBuildConfiguration;
			buildSettings = {
				ASSETCATALOG_COMPILER_APPICON_NAME = AppIcon;
				ASSETCATALOG_COMPILER_GLOBAL_ACCENT_COLOR_NAME = AccentColor;
				CODE_SIGN_STYLE = Automatic;
				DEVELOPMENT_TEAM = W2RQLB886Y;
				INFOPLIST_FILE = Refresh/Info.plist;
				IPHONEOS_DEPLOYMENT_TARGET = 13.0;
				LD_RUNPATH_SEARCH_PATHS = (
					"$(inherited)",
					"@executable_path/Frameworks",
				);
				PRODUCT_BUNDLE_IDENTIFIER = app.kmoney.Refresh;
				PRODUCT_NAME = "$(TARGET_NAME)";
				SWIFT_VERSION = 5.0;
				TARGETED_DEVICE_FAMILY = 1;
			};
			name = Release;
		};
/* End XCBuildConfiguration section */

/* Begin XCConfigurationList section */
		4584D3EE25E376AA005B9705 /* Build configuration list for PBXProject "Refresh" */ = {
			isa = XCConfigurationList;
			buildConfigurations = (
				4584D40525E376AB005B9705 /* Debug */,
				4584D40625E376AB005B9705 /* Release */,
			);
			defaultConfigurationIsVisible = 0;
			defaultConfigurationName = Release;
		};
		4584D40725E376AB005B9705 /* Build configuration list for PBXNativeTarget "Refresh" */ = {
			isa = XCConfigurationList;
			buildConfigurations = (
				4584D40825E376AB005B9705 /* Debug */,
				4584D40925E376AB005B9705 /* Release */,
			);
			defaultConfigurationIsVisible = 0;
			defaultConfigurationName = Release;
		};
/* End XCConfigurationList section */
	};
	rootObject = 4584D3EB25E376AA005B9705 /* Project object */;
}
